github.com/codegangsta/negroni v1.0.0 h1:+aYywywx4bnKXWvoWtRfJ91vC59NbEhEY03sZjQhbVY=
github.com/codegangsta/negroni v1.0.0/go.mod h1:v0y3T5G7Y1UlFfyxFn/QLRU4a2EuNau2iZY63YTKWo0=
github.com/danryan/env v0.0.0-20140706054224-bc567f4d372a h1:92d4/WYblhRWbxXdj0HZX642vct0Z25NvL0cD/K0KGU=
github.com/danryan/env v0.0.0-20140706054224-bc567f4d372a/go.mod h1:Z5mdp8YjjzdpFjBySobOZ9KdJ5WRHgcBKeGOrFAuixA=
github.com/eknkc/amber v0.0.0-20171010120322-cdade1c07385/go.mod h1:0vRUJqYpeSZifjYj7uP3BG/gKcuzL9xWVV/Y+cK33KM=
github.com/gorilla/mux v1.8.0 h1:i40aqfkR1h2SlN9hojwV5ZA91wcXFOvkdNIeFDP5koI=
github.com/gorilla/mux v1.8.0/go.mod h1:DVbg23sWSpFRCP0SfiEN6jmj59UnW/n46BH5rLB71So=
github.com/rs/cors v1.7.0 h1:+88SsELBHx5r+hZ8TCkggzSstaWNbDvThkVK8H6f9ik=
github.com/rs/cors v1.7.0/go.mod h1:gFx+x8UowdsKA9AchylcLynDq+nNFfI8FkUZdN/jGCU=
github.com/unrolled/render v1.0.3 h1:baO+NG1bZSF2WR4zwh+0bMWauWky7DVrTOfvE2w+aFo=
github.com/unrolled/render v1.0.3/go.mod h1:gN9T0NhL4Bfbwu8ann7Ry/TGHYfosul+J0obPf6NBdM=
